// !$*UTF8*$!
{
	archiveVersion = 1;
	classes = {
	};
	objectVersion = 46;
	objects = {

/* Begin PBXBuildFile section */
		E74464BA1C59B7E3000A82DD /* BlockElements.swift in Sources */ = {isa = PBXBuildFile; fileRef = E74464B91C59B7E3000A82DD /* BlockElements.swift */; };
		E74464BC1C59B824000A82DD /* HTMLGeneration.swift in Sources */ = {isa = PBXBuildFile; fileRef = E74464BB1C59B824000A82DD /* HTMLGeneration.swift */; };
		E7B226811C8295F600A5FE0A /* Stationary.h in Headers */ = {isa = PBXBuildFile; fileRef = E7B226801C8295F600A5FE0A /* Stationary.h */; settings = {ATTRIBUTES = (Public, ); }; };
		E7B226881C8295F700A5FE0A /* Stationary.framework in Frameworks */ = {isa = PBXBuildFile; fileRef = E7B2267E1C8295F600A5FE0A /* Stationary.framework */; };
		E7B2268F1C8295F700A5FE0A /* StationaryTests.swift in Sources */ = {isa = PBXBuildFile; fileRef = E7B2268E1C8295F700A5FE0A /* StationaryTests.swift */; };
		E7B226931C8295F700A5FE0A /* Stationary.framework in Frameworks */ = {isa = PBXBuildFile; fileRef = E7B2267E1C8295F600A5FE0A /* Stationary.framework */; };
		E7B226941C8295F700A5FE0A /* Stationary.framework in Embed Frameworks */ = {isa = PBXBuildFile; fileRef = E7B2267E1C8295F600A5FE0A /* Stationary.framework */; settings = {ATTRIBUTES = (CodeSignOnCopy, RemoveHeadersOnCopy, ); }; };
		E7B2269C1C82960800A5FE0A /* Stationary.swift in Sources */ = {isa = PBXBuildFile; fileRef = E7B2269B1C82960800A5FE0A /* Stationary.swift */; };
		E7C5B5781C4D7E0300BEC3F3 /* SwiftDown.h in Headers */ = {isa = PBXBuildFile; fileRef = E7C5B5771C4D7E0300BEC3F3 /* SwiftDown.h */; settings = {ATTRIBUTES = (Public, ); }; };
		E7C5B57F1C4D7E0300BEC3F3 /* SwiftDown.framework in Frameworks */ = {isa = PBXBuildFile; fileRef = E7C5B5741C4D7E0300BEC3F3 /* SwiftDown.framework */; };
		E7C5B58F1C4D7E1600BEC3F3 /* SwiftDown.swift in Sources */ = {isa = PBXBuildFile; fileRef = E7C5B58E1C4D7E1600BEC3F3 /* SwiftDown.swift */; };
		E7C5B5921C4D9C0500BEC3F3 /* RegularExpressions.swift in Sources */ = {isa = PBXBuildFile; fileRef = E7C5B5901C4D85F100BEC3F3 /* RegularExpressions.swift */; };
		E7C5B5941C4DC95F00BEC3F3 /* SpanElementTests.swift in Sources */ = {isa = PBXBuildFile; fileRef = E7C5B5931C4DC95F00BEC3F3 /* SpanElementTests.swift */; };
		E7C5B5961C4DD09A00BEC3F3 /* SpanElements.swift in Sources */ = {isa = PBXBuildFile; fileRef = E7C5B5951C4DD09A00BEC3F3 /* SpanElements.swift */; };
		E7CC48501C4F35D800E35BDC /* BlockElementTests.swift in Sources */ = {isa = PBXBuildFile; fileRef = E7CC484F1C4F35D800E35BDC /* BlockElementTests.swift */; };
		E7E97F661C585C9100A5692F /* AppDelegate.swift in Sources */ = {isa = PBXBuildFile; fileRef = E7E97F651C585C9100A5692F /* AppDelegate.swift */; };
		E7E97F681C585C9100A5692F /* ViewController.swift in Sources */ = {isa = PBXBuildFile; fileRef = E7E97F671C585C9100A5692F /* ViewController.swift */; };
		E7E97F6A1C585C9100A5692F /* Assets.xcassets in Resources */ = {isa = PBXBuildFile; fileRef = E7E97F691C585C9100A5692F /* Assets.xcassets */; };
		E7E97F6D1C585C9200A5692F /* Main.storyboard in Resources */ = {isa = PBXBuildFile; fileRef = E7E97F6B1C585C9200A5692F /* Main.storyboard */; };
		E7E97F781C585C9200A5692F /* DownTests.swift in Sources */ = {isa = PBXBuildFile; fileRef = E7E97F771C585C9200A5692F /* DownTests.swift */; };
		E7E97F801C585F3000A5692F /* SwiftDown.framework in Frameworks */ = {isa = PBXBuildFile; fileRef = E7C5B5741C4D7E0300BEC3F3 /* SwiftDown.framework */; };
		E7E97F811C585F3000A5692F /* SwiftDown.framework in Embed Frameworks */ = {isa = PBXBuildFile; fileRef = E7C5B5741C4D7E0300BEC3F3 /* SwiftDown.framework */; settings = {ATTRIBUTES = (CodeSignOnCopy, RemoveHeadersOnCopy, ); }; };
/* End PBXBuildFile section */

/* Begin PBXContainerItemProxy section */
		E7B226891C8295F700A5FE0A /* PBXContainerItemProxy */ = {
			isa = PBXContainerItemProxy;
			containerPortal = E7C5B56B1C4D7E0300BEC3F3 /* Project object */;
			proxyType = 1;
			remoteGlobalIDString = E7B2267D1C8295F600A5FE0A;
			remoteInfo = Stationary;
		};
		E7B2268B1C8295F700A5FE0A /* PBXContainerItemProxy */ = {
			isa = PBXContainerItemProxy;
			containerPortal = E7C5B56B1C4D7E0300BEC3F3 /* Project object */;
			proxyType = 1;
			remoteGlobalIDString = E7E97F621C585C9100A5692F;
			remoteInfo = Down;
		};
		E7B226911C8295F700A5FE0A /* PBXContainerItemProxy */ = {
			isa = PBXContainerItemProxy;
			containerPortal = E7C5B56B1C4D7E0300BEC3F3 /* Project object */;
			proxyType = 1;
			remoteGlobalIDString = E7B2267D1C8295F600A5FE0A;
			remoteInfo = Stationary;
		};
		E7C5B5801C4D7E0300BEC3F3 /* PBXContainerItemProxy */ = {
			isa = PBXContainerItemProxy;
			containerPortal = E7C5B56B1C4D7E0300BEC3F3 /* Project object */;
			proxyType = 1;
			remoteGlobalIDString = E7C5B5731C4D7E0300BEC3F3;
			remoteInfo = SwiftDown;
		};
		E7E97F741C585C9200A5692F /* PBXContainerItemProxy */ = {
			isa = PBXContainerItemProxy;
			containerPortal = E7C5B56B1C4D7E0300BEC3F3 /* Project object */;
			proxyType = 1;
			remoteGlobalIDString = E7E97F621C585C9100A5692F;
			remoteInfo = Down;
		};
		E7E97F821C585F3000A5692F /* PBXContainerItemProxy */ = {
			isa = PBXContainerItemProxy;
			containerPortal = E7C5B56B1C4D7E0300BEC3F3 /* Project object */;
			proxyType = 1;
			remoteGlobalIDString = E7C5B5731C4D7E0300BEC3F3;
			remoteInfo = SwiftDown;
		};
/* End PBXContainerItemProxy section */

/* Begin PBXCopyFilesBuildPhase section */
		E7E97F841C585F3000A5692F /* Embed Frameworks */ = {
			isa = PBXCopyFilesBuildPhase;
			buildActionMask = 2147483647;
			dstPath = "";
			dstSubfolderSpec = 10;
			files = (
				E7B226941C8295F700A5FE0A /* Stationary.framework in Embed Frameworks */,
				E7E97F811C585F3000A5692F /* SwiftDown.framework in Embed Frameworks */,
			);
			name = "Embed Frameworks";
			runOnlyForDeploymentPostprocessing = 0;
		};
/* End PBXCopyFilesBuildPhase section */

/* Begin PBXFileReference section */
		E74464B91C59B7E3000A82DD /* BlockElements.swift */ = {isa = PBXFileReference; fileEncoding = 4; lastKnownFileType = sourcecode.swift; path = BlockElements.swift; sourceTree = "<group>"; };
		E74464BB1C59B824000A82DD /* HTMLGeneration.swift */ = {isa = PBXFileReference; fileEncoding = 4; lastKnownFileType = sourcecode.swift; path = HTMLGeneration.swift; sourceTree = "<group>"; };
		E7B2267E1C8295F600A5FE0A /* Stationary.framework */ = {isa = PBXFileReference; explicitFileType = wrapper.framework; includeInIndex = 0; path = Stationary.framework; sourceTree = BUILT_PRODUCTS_DIR; };
		E7B226801C8295F600A5FE0A /* Stationary.h */ = {isa = PBXFileReference; lastKnownFileType = sourcecode.c.h; path = Stationary.h; sourceTree = "<group>"; };
		E7B226821C8295F600A5FE0A /* Info.plist */ = {isa = PBXFileReference; lastKnownFileType = text.plist.xml; path = Info.plist; sourceTree = "<group>"; };
		E7B226871C8295F700A5FE0A /* StationaryTests.xctest */ = {isa = PBXFileReference; explicitFileType = wrapper.cfbundle; includeInIndex = 0; path = StationaryTests.xctest; sourceTree = BUILT_PRODUCTS_DIR; };
		E7B2268E1C8295F700A5FE0A /* StationaryTests.swift */ = {isa = PBXFileReference; lastKnownFileType = sourcecode.swift; path = StationaryTests.swift; sourceTree = "<group>"; };
		E7B226901C8295F700A5FE0A /* Info.plist */ = {isa = PBXFileReference; lastKnownFileType = text.plist.xml; path = Info.plist; sourceTree = "<group>"; };
		E7B2269B1C82960800A5FE0A /* Stationary.swift */ = {isa = PBXFileReference; fileEncoding = 4; lastKnownFileType = sourcecode.swift; path = Stationary.swift; sourceTree = "<group>"; };
		E7C5B5741C4D7E0300BEC3F3 /* SwiftDown.framework */ = {isa = PBXFileReference; explicitFileType = wrapper.framework; includeInIndex = 0; path = SwiftDown.framework; sourceTree = BUILT_PRODUCTS_DIR; };
		E7C5B5771C4D7E0300BEC3F3 /* SwiftDown.h */ = {isa = PBXFileReference; lastKnownFileType = sourcecode.c.h; path = SwiftDown.h; sourceTree = "<group>"; };
		E7C5B5791C4D7E0300BEC3F3 /* Info.plist */ = {isa = PBXFileReference; lastKnownFileType = text.plist.xml; path = Info.plist; sourceTree = "<group>"; };
		E7C5B57E1C4D7E0300BEC3F3 /* SwiftDownTests.xctest */ = {isa = PBXFileReference; explicitFileType = wrapper.cfbundle; includeInIndex = 0; path = SwiftDownTests.xctest; sourceTree = BUILT_PRODUCTS_DIR; };
		E7C5B5851C4D7E0300BEC3F3 /* Info.plist */ = {isa = PBXFileReference; lastKnownFileType = text.plist.xml; path = Info.plist; sourceTree = "<group>"; };
		E7C5B58E1C4D7E1600BEC3F3 /* SwiftDown.swift */ = {isa = PBXFileReference; fileEncoding = 4; lastKnownFileType = sourcecode.swift; path = SwiftDown.swift; sourceTree = "<group>"; };
		E7C5B5901C4D85F100BEC3F3 /* RegularExpressions.swift */ = {isa = PBXFileReference; fileEncoding = 4; lastKnownFileType = sourcecode.swift; name = RegularExpressions.swift; path = SwiftDown/RegularExpressions.swift; sourceTree = SOURCE_ROOT; };
		E7C5B5931C4DC95F00BEC3F3 /* SpanElementTests.swift */ = {isa = PBXFileReference; fileEncoding = 4; lastKnownFileType = sourcecode.swift; path = SpanElementTests.swift; sourceTree = "<group>"; };
		E7C5B5951C4DD09A00BEC3F3 /* SpanElements.swift */ = {isa = PBXFileReference; fileEncoding = 4; lastKnownFileType = sourcecode.swift; path = SpanElements.swift; sourceTree = "<group>"; };
		E7CC484F1C4F35D800E35BDC /* BlockElementTests.swift */ = {isa = PBXFileReference; fileEncoding = 4; lastKnownFileType = sourcecode.swift; path = BlockElementTests.swift; sourceTree = "<group>"; };
		E7E97F631C585C9100A5692F /* Down.app */ = {isa = PBXFileReference; explicitFileType = wrapper.application; includeInIndex = 0; path = Down.app; sourceTree = BUILT_PRODUCTS_DIR; };
		E7E97F651C585C9100A5692F /* AppDelegate.swift */ = {isa = PBXFileReference; lastKnownFileType = sourcecode.swift; path = AppDelegate.swift; sourceTree = "<group>"; };
		E7E97F671C585C9100A5692F /* ViewController.swift */ = {isa = PBXFileReference; lastKnownFileType = sourcecode.swift; path = ViewController.swift; sourceTree = "<group>"; };
		E7E97F691C585C9100A5692F /* Assets.xcassets */ = {isa = PBXFileReference; lastKnownFileType = folder.assetcatalog; path = Assets.xcassets; sourceTree = "<group>"; };
		E7E97F6C1C585C9200A5692F /* Base */ = {isa = PBXFileReference; lastKnownFileType = file.storyboard; name = Base; path = Base.lproj/Main.storyboard; sourceTree = "<group>"; };
		E7E97F6E1C585C9200A5692F /* Info.plist */ = {isa = PBXFileReference; lastKnownFileType = text.plist.xml; path = Info.plist; sourceTree = "<group>"; };
		E7E97F731C585C9200A5692F /* DownTests.xctest */ = {isa = PBXFileReference; explicitFileType = wrapper.cfbundle; includeInIndex = 0; path = DownTests.xctest; sourceTree = BUILT_PRODUCTS_DIR; };
		E7E97F771C585C9200A5692F /* DownTests.swift */ = {isa = PBXFileReference; lastKnownFileType = sourcecode.swift; path = DownTests.swift; sourceTree = "<group>"; };
		E7E97F791C585C9200A5692F /* Info.plist */ = {isa = PBXFileReference; lastKnownFileType = text.plist.xml; path = Info.plist; sourceTree = "<group>"; };
/* End PBXFileReference section */

/* Begin PBXFrameworksBuildPhase section */
		E7B2267A1C8295F600A5FE0A /* Frameworks */ = {
			isa = PBXFrameworksBuildPhase;
			buildActionMask = 2147483647;
			files = (
			);
			runOnlyForDeploymentPostprocessing = 0;
		};
		E7B226841C8295F700A5FE0A /* Frameworks */ = {
			isa = PBXFrameworksBuildPhase;
			buildActionMask = 2147483647;
			files = (
				E7B226881C8295F700A5FE0A /* Stationary.framework in Frameworks */,
			);
			runOnlyForDeploymentPostprocessing = 0;
		};
		E7C5B5701C4D7E0300BEC3F3 /* Frameworks */ = {
			isa = PBXFrameworksBuildPhase;
			buildActionMask = 2147483647;
			files = (
			);
			runOnlyForDeploymentPostprocessing = 0;
		};
		E7C5B57B1C4D7E0300BEC3F3 /* Frameworks */ = {
			isa = PBXFrameworksBuildPhase;
			buildActionMask = 2147483647;
			files = (
				E7C5B57F1C4D7E0300BEC3F3 /* SwiftDown.framework in Frameworks */,
			);
			runOnlyForDeploymentPostprocessing = 0;
		};
		E7E97F601C585C9100A5692F /* Frameworks */ = {
			isa = PBXFrameworksBuildPhase;
			buildActionMask = 2147483647;
			files = (
				E7B226931C8295F700A5FE0A /* Stationary.framework in Frameworks */,
				E7E97F801C585F3000A5692F /* SwiftDown.framework in Frameworks */,
			);
			runOnlyForDeploymentPostprocessing = 0;
		};
		E7E97F701C585C9200A5692F /* Frameworks */ = {
			isa = PBXFrameworksBuildPhase;
			buildActionMask = 2147483647;
			files = (
			);
			runOnlyForDeploymentPostprocessing = 0;
		};
/* End PBXFrameworksBuildPhase section */

/* Begin PBXGroup section */
		E7B2267F1C8295F600A5FE0A /* Stationary */ = {
			isa = PBXGroup;
			children = (
				E7B226801C8295F600A5FE0A /* Stationary.h */,
				E7B226821C8295F600A5FE0A /* Info.plist */,
				E7B2269B1C82960800A5FE0A /* Stationary.swift */,
			);
			path = Stationary;
			sourceTree = "<group>";
		};
		E7B2268D1C8295F700A5FE0A /* StationaryTests */ = {
			isa = PBXGroup;
			children = (
				E7B2268E1C8295F700A5FE0A /* StationaryTests.swift */,
				E7B226901C8295F700A5FE0A /* Info.plist */,
			);
			path = StationaryTests;
			sourceTree = "<group>";
		};
		E7C5B56A1C4D7E0300BEC3F3 = {
			isa = PBXGroup;
			children = (
				E7C5B5761C4D7E0300BEC3F3 /* SwiftDown */,
				E7C5B5821C4D7E0300BEC3F3 /* SwiftDownTests */,
				E7E97F641C585C9100A5692F /* Down */,
				E7E97F761C585C9200A5692F /* DownTests */,
				E7B2267F1C8295F600A5FE0A /* Stationary */,
				E7B2268D1C8295F700A5FE0A /* StationaryTests */,
				E7C5B5751C4D7E0300BEC3F3 /* Products */,
			);
			sourceTree = "<group>";
		};
		E7C5B5751C4D7E0300BEC3F3 /* Products */ = {
			isa = PBXGroup;
			children = (
				E7C5B5741C4D7E0300BEC3F3 /* SwiftDown.framework */,
				E7C5B57E1C4D7E0300BEC3F3 /* SwiftDownTests.xctest */,
				E7E97F631C585C9100A5692F /* Down.app */,
				E7E97F731C585C9200A5692F /* DownTests.xctest */,
				E7B2267E1C8295F600A5FE0A /* Stationary.framework */,
				E7B226871C8295F700A5FE0A /* StationaryTests.xctest */,
			);
			name = Products;
			sourceTree = "<group>";
		};
		E7C5B5761C4D7E0300BEC3F3 /* SwiftDown */ = {
			isa = PBXGroup;
			children = (
				E7C5B5901C4D85F100BEC3F3 /* RegularExpressions.swift */,
				E7C5B5771C4D7E0300BEC3F3 /* SwiftDown.h */,
				E7C5B5791C4D7E0300BEC3F3 /* Info.plist */,
				E7C5B58E1C4D7E1600BEC3F3 /* SwiftDown.swift */,
				E7C5B5951C4DD09A00BEC3F3 /* SpanElements.swift */,
				E74464B91C59B7E3000A82DD /* BlockElements.swift */,
				E74464BB1C59B824000A82DD /* HTMLGeneration.swift */,
			);
			path = SwiftDown;
			sourceTree = "<group>";
		};
		E7C5B5821C4D7E0300BEC3F3 /* SwiftDownTests */ = {
			isa = PBXGroup;
			children = (
				E7C5B5851C4D7E0300BEC3F3 /* Info.plist */,
				E7C5B5931C4DC95F00BEC3F3 /* SpanElementTests.swift */,
				E7CC484F1C4F35D800E35BDC /* BlockElementTests.swift */,
			);
			path = SwiftDownTests;
			sourceTree = "<group>";
		};
		E7E97F641C585C9100A5692F /* Down */ = {
			isa = PBXGroup;
			children = (
				E7E97F651C585C9100A5692F /* AppDelegate.swift */,
				E7E97F671C585C9100A5692F /* ViewController.swift */,
				E7E97F691C585C9100A5692F /* Assets.xcassets */,
				E7E97F6B1C585C9200A5692F /* Main.storyboard */,
				E7E97F6E1C585C9200A5692F /* Info.plist */,
			);
			path = Down;
			sourceTree = "<group>";
		};
		E7E97F761C585C9200A5692F /* DownTests */ = {
			isa = PBXGroup;
			children = (
				E7E97F771C585C9200A5692F /* DownTests.swift */,
				E7E97F791C585C9200A5692F /* Info.plist */,
			);
			path = DownTests;
			sourceTree = "<group>";
		};
/* End PBXGroup section */

/* Begin PBXHeadersBuildPhase section */
		E7B2267B1C8295F600A5FE0A /* Headers */ = {
			isa = PBXHeadersBuildPhase;
			buildActionMask = 2147483647;
			files = (
				E7B226811C8295F600A5FE0A /* Stationary.h in Headers */,
			);
			runOnlyForDeploymentPostprocessing = 0;
		};
		E7C5B5711C4D7E0300BEC3F3 /* Headers */ = {
			isa = PBXHeadersBuildPhase;
			buildActionMask = 2147483647;
			files = (
				E7C5B5781C4D7E0300BEC3F3 /* SwiftDown.h in Headers */,
			);
			runOnlyForDeploymentPostprocessing = 0;
		};
/* End PBXHeadersBuildPhase section */

/* Begin PBXNativeTarget section */
		E7B2267D1C8295F600A5FE0A /* Stationary */ = {
			isa = PBXNativeTarget;
			buildConfigurationList = E7B226991C8295F700A5FE0A /* Build configuration list for PBXNativeTarget "Stationary" */;
			buildPhases = (
				E7B226791C8295F600A5FE0A /* Sources */,
				E7B2267A1C8295F600A5FE0A /* Frameworks */,
				E7B2267B1C8295F600A5FE0A /* Headers */,
				E7B2267C1C8295F600A5FE0A /* Resources */,
			);
			buildRules = (
			);
			dependencies = (
			);
			name = Stationary;
			productName = Stationary;
			productReference = E7B2267E1C8295F600A5FE0A /* Stationary.framework */;
			productType = "com.apple.product-type.framework";
		};
		E7B226861C8295F700A5FE0A /* StationaryTests */ = {
			isa = PBXNativeTarget;
			buildConfigurationList = E7B2269A1C8295F700A5FE0A /* Build configuration list for PBXNativeTarget "StationaryTests" */;
			buildPhases = (
				E7B226831C8295F700A5FE0A /* Sources */,
				E7B226841C8295F700A5FE0A /* Frameworks */,
				E7B226851C8295F700A5FE0A /* Resources */,
			);
			buildRules = (
			);
			dependencies = (
				E7B2268A1C8295F700A5FE0A /* PBXTargetDependency */,
				E7B2268C1C8295F700A5FE0A /* PBXTargetDependency */,
			);
			name = StationaryTests;
			productName = StationaryTests;
			productReference = E7B226871C8295F700A5FE0A /* StationaryTests.xctest */;
			productType = "com.apple.product-type.bundle.unit-test";
		};
		E7C5B5731C4D7E0300BEC3F3 /* SwiftDown */ = {
			isa = PBXNativeTarget;
			buildConfigurationList = E7C5B5881C4D7E0300BEC3F3 /* Build configuration list for PBXNativeTarget "SwiftDown" */;
			buildPhases = (
				E7C5B56F1C4D7E0300BEC3F3 /* Sources */,
				E7C5B5701C4D7E0300BEC3F3 /* Frameworks */,
				E7C5B5711C4D7E0300BEC3F3 /* Headers */,
				E7C5B5721C4D7E0300BEC3F3 /* Resources */,
			);
			buildRules = (
			);
			dependencies = (
			);
			name = SwiftDown;
			productName = SwiftDown;
			productReference = E7C5B5741C4D7E0300BEC3F3 /* SwiftDown.framework */;
			productType = "com.apple.product-type.framework";
		};
		E7C5B57D1C4D7E0300BEC3F3 /* SwiftDownTests */ = {
			isa = PBXNativeTarget;
			buildConfigurationList = E7C5B58B1C4D7E0300BEC3F3 /* Build configuration list for PBXNativeTarget "SwiftDownTests" */;
			buildPhases = (
				E7C5B57A1C4D7E0300BEC3F3 /* Sources */,
				E7C5B57B1C4D7E0300BEC3F3 /* Frameworks */,
				E7C5B57C1C4D7E0300BEC3F3 /* Resources */,
			);
			buildRules = (
			);
			dependencies = (
				E7C5B5811C4D7E0300BEC3F3 /* PBXTargetDependency */,
			);
			name = SwiftDownTests;
			productName = SwiftDownTests;
			productReference = E7C5B57E1C4D7E0300BEC3F3 /* SwiftDownTests.xctest */;
			productType = "com.apple.product-type.bundle.unit-test";
		};
		E7E97F621C585C9100A5692F /* Down */ = {
			isa = PBXNativeTarget;
			buildConfigurationList = E7E97F7E1C585C9200A5692F /* Build configuration list for PBXNativeTarget "Down" */;
			buildPhases = (
				E7E97F5F1C585C9100A5692F /* Sources */,
				E7E97F601C585C9100A5692F /* Frameworks */,
				E7E97F611C585C9100A5692F /* Resources */,
				E7E97F841C585F3000A5692F /* Embed Frameworks */,
			);
			buildRules = (
			);
			dependencies = (
				E7E97F831C585F3000A5692F /* PBXTargetDependency */,
				E7B226921C8295F700A5FE0A /* PBXTargetDependency */,
			);
			name = Down;
			productName = Down;
			productReference = E7E97F631C585C9100A5692F /* Down.app */;
			productType = "com.apple.product-type.application";
		};
		E7E97F721C585C9200A5692F /* DownTests */ = {
			isa = PBXNativeTarget;
			buildConfigurationList = E7E97F7F1C585C9200A5692F /* Build configuration list for PBXNativeTarget "DownTests" */;
			buildPhases = (
				E7E97F6F1C585C9200A5692F /* Sources */,
				E7E97F701C585C9200A5692F /* Frameworks */,
				E7E97F711C585C9200A5692F /* Resources */,
			);
			buildRules = (
			);
			dependencies = (
				E7E97F751C585C9200A5692F /* PBXTargetDependency */,
			);
			name = DownTests;
			productName = DownTests;
			productReference = E7E97F731C585C9200A5692F /* DownTests.xctest */;
			productType = "com.apple.product-type.bundle.unit-test";
		};
/* End PBXNativeTarget section */

/* Begin PBXProject section */
		E7C5B56B1C4D7E0300BEC3F3 /* Project object */ = {
			isa = PBXProject;
			attributes = {
				LastSwiftUpdateCheck = 0730;
				LastUpgradeCheck = 0720;
				ORGANIZATIONNAME = "Fabián Cañas";
				TargetAttributes = {
					E7B2267D1C8295F600A5FE0A = {
						CreatedOnToolsVersion = 7.3;
					};
					E7B226861C8295F700A5FE0A = {
						CreatedOnToolsVersion = 7.3;
					};
					E7C5B5731C4D7E0300BEC3F3 = {
						CreatedOnToolsVersion = 7.2;
					};
					E7C5B57D1C4D7E0300BEC3F3 = {
						CreatedOnToolsVersion = 7.2;
					};
					E7E97F621C585C9100A5692F = {
						CreatedOnToolsVersion = 7.2;
					};
					E7E97F721C585C9200A5692F = {
						CreatedOnToolsVersion = 7.2;
						TestTargetID = E7E97F621C585C9100A5692F;
					};
				};
			};
			buildConfigurationList = E7C5B56E1C4D7E0300BEC3F3 /* Build configuration list for PBXProject "SwiftDown" */;
			compatibilityVersion = "Xcode 3.2";
			developmentRegion = English;
			hasScannedForEncodings = 0;
			knownRegions = (
				en,
				Base,
			);
			mainGroup = E7C5B56A1C4D7E0300BEC3F3;
			productRefGroup = E7C5B5751C4D7E0300BEC3F3 /* Products */;
			projectDirPath = "";
			projectRoot = "";
			targets = (
				E7C5B5731C4D7E0300BEC3F3 /* SwiftDown */,
				E7C5B57D1C4D7E0300BEC3F3 /* SwiftDownTests */,
				E7E97F621C585C9100A5692F /* Down */,
				E7E97F721C585C9200A5692F /* DownTests */,
				E7B2267D1C8295F600A5FE0A /* Stationary */,
				E7B226861C8295F700A5FE0A /* StationaryTests */,
			);
		};
/* End PBXProject section */

/* Begin PBXResourcesBuildPhase section */
		E7B2267C1C8295F600A5FE0A /* Resources */ = {
			isa = PBXResourcesBuildPhase;
			buildActionMask = 2147483647;
			files = (
			);
			runOnlyForDeploymentPostprocessing = 0;
		};
		E7B226851C8295F700A5FE0A /* Resources */ = {
			isa = PBXResourcesBuildPhase;
			buildActionMask = 2147483647;
			files = (
			);
			runOnlyForDeploymentPostprocessing = 0;
		};
		E7C5B5721C4D7E0300BEC3F3 /* Resources */ = {
			isa = PBXResourcesBuildPhase;
			buildActionMask = 2147483647;
			files = (
			);
			runOnlyForDeploymentPostprocessing = 0;
		};
		E7C5B57C1C4D7E0300BEC3F3 /* Resources */ = {
			isa = PBXResourcesBuildPhase;
			buildActionMask = 2147483647;
			files = (
			);
			runOnlyForDeploymentPostprocessing = 0;
		};
		E7E97F611C585C9100A5692F /* Resources */ = {
			isa = PBXResourcesBuildPhase;
			buildActionMask = 2147483647;
			files = (
				E7E97F6A1C585C9100A5692F /* Assets.xcassets in Resources */,
				E7E97F6D1C585C9200A5692F /* Main.storyboard in Resources */,
			);
			runOnlyForDeploymentPostprocessing = 0;
		};
		E7E97F711C585C9200A5692F /* Resources */ = {
			isa = PBXResourcesBuildPhase;
			buildActionMask = 2147483647;
			files = (
			);
			runOnlyForDeploymentPostprocessing = 0;
		};
/* End PBXResourcesBuildPhase section */

/* Begin PBXSourcesBuildPhase section */
		E7B226791C8295F600A5FE0A /* Sources */ = {
			isa = PBXSourcesBuildPhase;
			buildActionMask = 2147483647;
			files = (
				E7B2269C1C82960800A5FE0A /* Stationary.swift in Sources */,
			);
			runOnlyForDeploymentPostprocessing = 0;
		};
		E7B226831C8295F700A5FE0A /* Sources */ = {
			isa = PBXSourcesBuildPhase;
			buildActionMask = 2147483647;
			files = (
				E7B2268F1C8295F700A5FE0A /* StationaryTests.swift in Sources */,
			);
			runOnlyForDeploymentPostprocessing = 0;
		};
		E7C5B56F1C4D7E0300BEC3F3 /* Sources */ = {
			isa = PBXSourcesBuildPhase;
			buildActionMask = 2147483647;
			files = (
				E74464BC1C59B824000A82DD /* HTMLGeneration.swift in Sources */,
				E7C5B5961C4DD09A00BEC3F3 /* SpanElements.swift in Sources */,
				E7C5B5921C4D9C0500BEC3F3 /* RegularExpressions.swift in Sources */,
				E74464BA1C59B7E3000A82DD /* BlockElements.swift in Sources */,
				E7C5B58F1C4D7E1600BEC3F3 /* SwiftDown.swift in Sources */,
			);
			runOnlyForDeploymentPostprocessing = 0;
		};
		E7C5B57A1C4D7E0300BEC3F3 /* Sources */ = {
			isa = PBXSourcesBuildPhase;
			buildActionMask = 2147483647;
			files = (
				E7C5B5941C4DC95F00BEC3F3 /* SpanElementTests.swift in Sources */,
				E7CC48501C4F35D800E35BDC /* BlockElementTests.swift in Sources */,
			);
			runOnlyForDeploymentPostprocessing = 0;
		};
		E7E97F5F1C585C9100A5692F /* Sources */ = {
			isa = PBXSourcesBuildPhase;
			buildActionMask = 2147483647;
			files = (
				E7E97F681C585C9100A5692F /* ViewController.swift in Sources */,
				E7E97F661C585C9100A5692F /* AppDelegate.swift in Sources */,
			);
			runOnlyForDeploymentPostprocessing = 0;
		};
		E7E97F6F1C585C9200A5692F /* Sources */ = {
			isa = PBXSourcesBuildPhase;
			buildActionMask = 2147483647;
			files = (
				E7E97F781C585C9200A5692F /* DownTests.swift in Sources */,
			);
			runOnlyForDeploymentPostprocessing = 0;
		};
/* End PBXSourcesBuildPhase section */

/* Begin PBXTargetDependency section */
		E7B2268A1C8295F700A5FE0A /* PBXTargetDependency */ = {
			isa = PBXTargetDependency;
			target = E7B2267D1C8295F600A5FE0A /* Stationary */;
			targetProxy = E7B226891C8295F700A5FE0A /* PBXContainerItemProxy */;
		};
		E7B2268C1C8295F700A5FE0A /* PBXTargetDependency */ = {
			isa = PBXTargetDependency;
			target = E7E97F621C585C9100A5692F /* Down */;
			targetProxy = E7B2268B1C8295F700A5FE0A /* PBXContainerItemProxy */;
		};
		E7B226921C8295F700A5FE0A /* PBXTargetDependency */ = {
			isa = PBXTargetDependency;
			target = E7B2267D1C8295F600A5FE0A /* Stationary */;
			targetProxy = E7B226911C8295F700A5FE0A /* PBXContainerItemProxy */;
		};
		E7C5B5811C4D7E0300BEC3F3 /* PBXTargetDependency */ = {
			isa = PBXTargetDependency;
			target = E7C5B5731C4D7E0300BEC3F3 /* SwiftDown */;
			targetProxy = E7C5B5801C4D7E0300BEC3F3 /* PBXContainerItemProxy */;
		};
		E7E97F751C585C9200A5692F /* PBXTargetDependency */ = {
			isa = PBXTargetDependency;
			target = E7E97F621C585C9100A5692F /* Down */;
			targetProxy = E7E97F741C585C9200A5692F /* PBXContainerItemProxy */;
		};
		E7E97F831C585F3000A5692F /* PBXTargetDependency */ = {
			isa = PBXTargetDependency;
			target = E7C5B5731C4D7E0300BEC3F3 /* SwiftDown */;
			targetProxy = E7E97F821C585F3000A5692F /* PBXContainerItemProxy */;
		};
/* End PBXTargetDependency section */

/* Begin PBXVariantGroup section */
		E7E97F6B1C585C9200A5692F /* Main.storyboard */ = {
			isa = PBXVariantGroup;
			children = (
				E7E97F6C1C585C9200A5692F /* Base */,
			);
			name = Main.storyboard;
			sourceTree = "<group>";
		};
/* End PBXVariantGroup section */

/* Begin XCBuildConfiguration section */
		E7B226951C8295F700A5FE0A /* Debug */ = {
			isa = XCBuildConfiguration;
			buildSettings = {
				CLANG_ANALYZER_NONNULL = YES;
				CLANG_ENABLE_MODULES = YES;
				COMBINE_HIDPI_IMAGES = YES;
				DEFINES_MODULE = YES;
				DYLIB_COMPATIBILITY_VERSION = 1;
				DYLIB_CURRENT_VERSION = 1;
				DYLIB_INSTALL_NAME_BASE = "@rpath";
				FRAMEWORK_VERSION = A;
				INFOPLIST_FILE = Stationary/Info.plist;
				INSTALL_PATH = "$(LOCAL_LIBRARY_DIR)/Frameworks";
				LD_RUNPATH_SEARCH_PATHS = "$(inherited) @executable_path/../Frameworks @loader_path/Frameworks";
				PRODUCT_BUNDLE_IDENTIFIER = com.fabiancanas.Stationary;
				PRODUCT_NAME = "$(TARGET_NAME)";
				SKIP_INSTALL = YES;
				SWIFT_OPTIMIZATION_LEVEL = "-Onone";
			};
			name = Debug;
		};
		E7B226961C8295F700A5FE0A /* Release */ = {
			isa = XCBuildConfiguration;
			buildSettings = {
				CLANG_ANALYZER_NONNULL = YES;
				CLANG_ENABLE_MODULES = YES;
				COMBINE_HIDPI_IMAGES = YES;
				DEFINES_MODULE = YES;
				DYLIB_COMPATIBILITY_VERSION = 1;
				DYLIB_CURRENT_VERSION = 1;
				DYLIB_INSTALL_NAME_BASE = "@rpath";
				FRAMEWORK_VERSION = A;
				INFOPLIST_FILE = Stationary/Info.plist;
				INSTALL_PATH = "$(LOCAL_LIBRARY_DIR)/Frameworks";
				LD_RUNPATH_SEARCH_PATHS = "$(inherited) @executable_path/../Frameworks @loader_path/Frameworks";
				PRODUCT_BUNDLE_IDENTIFIER = com.fabiancanas.Stationary;
				PRODUCT_NAME = "$(TARGET_NAME)";
				SKIP_INSTALL = YES;
			};
			name = Release;
		};
		E7B226971C8295F700A5FE0A /* Debug */ = {
			isa = XCBuildConfiguration;
			buildSettings = {
				CLANG_ANALYZER_NONNULL = YES;
				COMBINE_HIDPI_IMAGES = YES;
				INFOPLIST_FILE = StationaryTests/Info.plist;
				LD_RUNPATH_SEARCH_PATHS = "$(inherited) @executable_path/../Frameworks @loader_path/../Frameworks";
				PRODUCT_BUNDLE_IDENTIFIER = com.fabiancanas.StationaryTests;
				PRODUCT_NAME = "$(TARGET_NAME)";
			};
			name = Debug;
		};
		E7B226981C8295F700A5FE0A /* Release */ = {
			isa = XCBuildConfiguration;
			buildSettings = {
				CLANG_ANALYZER_NONNULL = YES;
				COMBINE_HIDPI_IMAGES = YES;
				INFOPLIST_FILE = StationaryTests/Info.plist;
				LD_RUNPATH_SEARCH_PATHS = "$(inherited) @executable_path/../Frameworks @loader_path/../Frameworks";
				PRODUCT_BUNDLE_IDENTIFIER = com.fabiancanas.StationaryTests;
				PRODUCT_NAME = "$(TARGET_NAME)";
			};
			name = Release;
		};
		E7C5B5861C4D7E0300BEC3F3 /* Debug */ = {
			isa = XCBuildConfiguration;
			buildSettings = {
				ALWAYS_SEARCH_USER_PATHS = NO;
				CLANG_CXX_LANGUAGE_STANDARD = "gnu++0x";
				CLANG_CXX_LIBRARY = "libc++";
				CLANG_ENABLE_MODULES = YES;
				CLANG_ENABLE_OBJC_ARC = YES;
				CLANG_WARN_BOOL_CONVERSION = YES;
				CLANG_WARN_CONSTANT_CONVERSION = YES;
				CLANG_WARN_DIRECT_OBJC_ISA_USAGE = YES_ERROR;
				CLANG_WARN_EMPTY_BODY = YES;
				CLANG_WARN_ENUM_CONVERSION = YES;
				CLANG_WARN_INT_CONVERSION = YES;
				CLANG_WARN_OBJC_ROOT_CLASS = YES_ERROR;
				CLANG_WARN_UNREACHABLE_CODE = YES;
				CLANG_WARN__DUPLICATE_METHOD_MATCH = YES;
				CODE_SIGN_IDENTITY = "-";
				COPY_PHASE_STRIP = NO;
				CURRENT_PROJECT_VERSION = 1;
				DEBUG_INFORMATION_FORMAT = dwarf;
				ENABLE_STRICT_OBJC_MSGSEND = YES;
				ENABLE_TESTABILITY = YES;
				GCC_C_LANGUAGE_STANDARD = gnu99;
				GCC_DYNAMIC_NO_PIC = NO;
				GCC_NO_COMMON_BLOCKS = YES;
				GCC_OPTIMIZATION_LEVEL = 0;
				GCC_PREPROCESSOR_DEFINITIONS = (
					"DEBUG=1",
					"$(inherited)",
				);
				GCC_WARN_64_TO_32_BIT_CONVERSION = YES;
				GCC_WARN_ABOUT_RETURN_TYPE = YES_ERROR;
				GCC_WARN_UNDECLARED_SELECTOR = YES;
				GCC_WARN_UNINITIALIZED_AUTOS = YES_AGGRESSIVE;
				GCC_WARN_UNUSED_FUNCTION = YES;
				GCC_WARN_UNUSED_VARIABLE = YES;
				MACOSX_DEPLOYMENT_TARGET = 10.11;
				MTL_ENABLE_DEBUG_INFO = YES;
				ONLY_ACTIVE_ARCH = YES;
				SDKROOT = macosx;
				SWIFT_OPTIMIZATION_LEVEL = "-Onone";
				VERSIONING_SYSTEM = "apple-generic";
				VERSION_INFO_PREFIX = "";
			};
			name = Debug;
		};
		E7C5B5871C4D7E0300BEC3F3 /* Release */ = {
			isa = XCBuildConfiguration;
			buildSettings = {
				ALWAYS_SEARCH_USER_PATHS = NO;
				CLANG_CXX_LANGUAGE_STANDARD = "gnu++0x";
				CLANG_CXX_LIBRARY = "libc++";
				CLANG_ENABLE_MODULES = YES;
				CLANG_ENABLE_OBJC_ARC = YES;
				CLANG_WARN_BOOL_CONVERSION = YES;
				CLANG_WARN_CONSTANT_CONVERSION = YES;
				CLANG_WARN_DIRECT_OBJC_ISA_USAGE = YES_ERROR;
				CLANG_WARN_EMPTY_BODY = YES;
				CLANG_WARN_ENUM_CONVERSION = YES;
				CLANG_WARN_INT_CONVERSION = YES;
				CLANG_WARN_OBJC_ROOT_CLASS = YES_ERROR;
				CLANG_WARN_UNREACHABLE_CODE = YES;
				CLANG_WARN__DUPLICATE_METHOD_MATCH = YES;
				CODE_SIGN_IDENTITY = "-";
				COPY_PHASE_STRIP = NO;
				CURRENT_PROJECT_VERSION = 1;
				DEBUG_INFORMATION_FORMAT = "dwarf-with-dsym";
				ENABLE_NS_ASSERTIONS = NO;
				ENABLE_STRICT_OBJC_MSGSEND = YES;
				GCC_C_LANGUAGE_STANDARD = gnu99;
				GCC_NO_COMMON_BLOCKS = YES;
				GCC_WARN_64_TO_32_BIT_CONVERSION = YES;
				GCC_WARN_ABOUT_RETURN_TYPE = YES_ERROR;
				GCC_WARN_UNDECLARED_SELECTOR = YES;
				GCC_WARN_UNINITIALIZED_AUTOS = YES_AGGRESSIVE;
				GCC_WARN_UNUSED_FUNCTION = YES;
				GCC_WARN_UNUSED_VARIABLE = YES;
				MACOSX_DEPLOYMENT_TARGET = 10.11;
				MTL_ENABLE_DEBUG_INFO = NO;
				SDKROOT = macosx;
				VERSIONING_SYSTEM = "apple-generic";
				VERSION_INFO_PREFIX = "";
			};
			name = Release;
		};
		E7C5B5891C4D7E0300BEC3F3 /* Debug */ = {
			isa = XCBuildConfiguration;
			buildSettings = {
				CLANG_ENABLE_MODULES = YES;
				COMBINE_HIDPI_IMAGES = YES;
				DEFINES_MODULE = YES;
				DYLIB_COMPATIBILITY_VERSION = 1;
				DYLIB_CURRENT_VERSION = 1;
				DYLIB_INSTALL_NAME_BASE = "@rpath";
				FRAMEWORK_VERSION = A;
				INFOPLIST_FILE = SwiftDown/Info.plist;
				INSTALL_PATH = "$(LOCAL_LIBRARY_DIR)/Frameworks";
				LD_RUNPATH_SEARCH_PATHS = "$(inherited) @executable_path/../Frameworks @loader_path/Frameworks";
				PRODUCT_BUNDLE_IDENTIFIER = com.fabiancanas.SwiftDown;
				PRODUCT_NAME = "$(TARGET_NAME)";
				SKIP_INSTALL = YES;
				SWIFT_OPTIMIZATION_LEVEL = "-Onone";
			};
			name = Debug;
		};
		E7C5B58A1C4D7E0300BEC3F3 /* Release */ = {
			isa = XCBuildConfiguration;
			buildSettings = {
				CLANG_ENABLE_MODULES = YES;
				COMBINE_HIDPI_IMAGES = YES;
				DEFINES_MODULE = YES;
				DYLIB_COMPATIBILITY_VERSION = 1;
				DYLIB_CURRENT_VERSION = 1;
				DYLIB_INSTALL_NAME_BASE = "@rpath";
				FRAMEWORK_VERSION = A;
				INFOPLIST_FILE = SwiftDown/Info.plist;
				INSTALL_PATH = "$(LOCAL_LIBRARY_DIR)/Frameworks";
				LD_RUNPATH_SEARCH_PATHS = "$(inherited) @executable_path/../Frameworks @loader_path/Frameworks";
				PRODUCT_BUNDLE_IDENTIFIER = com.fabiancanas.SwiftDown;
				PRODUCT_NAME = "$(TARGET_NAME)";
				SKIP_INSTALL = YES;
			};
			name = Release;
		};
		E7C5B58C1C4D7E0300BEC3F3 /* Debug */ = {
			isa = XCBuildConfiguration;
			buildSettings = {
				COMBINE_HIDPI_IMAGES = YES;
				INFOPLIST_FILE = SwiftDownTests/Info.plist;
				LD_RUNPATH_SEARCH_PATHS = "$(inherited) @executable_path/../Frameworks @loader_path/../Frameworks";
				PRODUCT_BUNDLE_IDENTIFIER = com.fabiancanas.SwiftDownTests;
				PRODUCT_NAME = "$(TARGET_NAME)";
			};
			name = Debug;
		};
		E7C5B58D1C4D7E0300BEC3F3 /* Release */ = {
			isa = XCBuildConfiguration;
			buildSettings = {
				COMBINE_HIDPI_IMAGES = YES;
				INFOPLIST_FILE = SwiftDownTests/Info.plist;
				LD_RUNPATH_SEARCH_PATHS = "$(inherited) @executable_path/../Frameworks @loader_path/../Frameworks";
				PRODUCT_BUNDLE_IDENTIFIER = com.fabiancanas.SwiftDownTests;
				PRODUCT_NAME = "$(TARGET_NAME)";
			};
			name = Release;
		};
		E7E97F7A1C585C9200A5692F /* Debug */ = {
			isa = XCBuildConfiguration;
			buildSettings = {
				ASSETCATALOG_COMPILER_APPICON_NAME = AppIcon;
				COMBINE_HIDPI_IMAGES = YES;
				EMBEDDED_CONTENT_CONTAINS_SWIFT = YES;
				INFOPLIST_FILE = Down/Info.plist;
				LD_RUNPATH_SEARCH_PATHS = "$(inherited) @executable_path/../Frameworks";
				PRODUCT_BUNDLE_IDENTIFIER = com.fabiancanas.Down;
				PRODUCT_NAME = "$(TARGET_NAME)";
			};
			name = Debug;
		};
		E7E97F7B1C585C9200A5692F /* Release */ = {
			isa = XCBuildConfiguration;
			buildSettings = {
				ASSETCATALOG_COMPILER_APPICON_NAME = AppIcon;
				COMBINE_HIDPI_IMAGES = YES;
				EMBEDDED_CONTENT_CONTAINS_SWIFT = YES;
				INFOPLIST_FILE = Down/Info.plist;
				LD_RUNPATH_SEARCH_PATHS = "$(inherited) @executable_path/../Frameworks";
				PRODUCT_BUNDLE_IDENTIFIER = com.fabiancanas.Down;
				PRODUCT_NAME = "$(TARGET_NAME)";
			};
			name = Release;
		};
		E7E97F7C1C585C9200A5692F /* Debug */ = {
			isa = XCBuildConfiguration;
			buildSettings = {
				BUNDLE_LOADER = "$(TEST_HOST)";
				COMBINE_HIDPI_IMAGES = YES;
				INFOPLIST_FILE = DownTests/Info.plist;
				LD_RUNPATH_SEARCH_PATHS = "$(inherited) @executable_path/../Frameworks @loader_path/../Frameworks";
				PRODUCT_BUNDLE_IDENTIFIER = com.fabiancanas.DownTests;
				PRODUCT_NAME = "$(TARGET_NAME)";
				TEST_HOST = "$(BUILT_PRODUCTS_DIR)/Down.app/Contents/MacOS/Down";
			};
			name = Debug;
		};
		E7E97F7D1C585C9200A5692F /* Release */ = {
			isa = XCBuildConfiguration;
			buildSettings = {
				BUNDLE_LOADER = "$(TEST_HOST)";
				COMBINE_HIDPI_IMAGES = YES;
				INFOPLIST_FILE = DownTests/Info.plist;
				LD_RUNPATH_SEARCH_PATHS = "$(inherited) @executable_path/../Frameworks @loader_path/../Frameworks";
				PRODUCT_BUNDLE_IDENTIFIER = com.fabiancanas.DownTests;
				PRODUCT_NAME = "$(TARGET_NAME)";
				TEST_HOST = "$(BUILT_PRODUCTS_DIR)/Down.app/Contents/MacOS/Down";
			};
			name = Release;
		};
/* End XCBuildConfiguration section */

/* Begin XCConfigurationList section */
		E7B226991C8295F700A5FE0A /* Build configuration list for PBXNativeTarget "Stationary" */ = {
			isa = XCConfigurationList;
			buildConfigurations = (
				E7B226951C8295F700A5FE0A /* Debug */,
				E7B226961C8295F700A5FE0A /* Release */,
			);
			defaultConfigurationIsVisible = 0;
		};
		E7B2269A1C8295F700A5FE0A /* Build configuration list for PBXNativeTarget "StationaryTests" */ = {
			isa = XCConfigurationList;
			buildConfigurations = (
				E7B226971C8295F700A5FE0A /* Debug */,
				E7B226981C8295F700A5FE0A /* Release */,
			);
			defaultConfigurationIsVisible = 0;
		};
		E7C5B56E1C4D7E0300BEC3F3 /* Build configuration list for PBXProject "SwiftDown" */ = {
			isa = XCConfigurationList;
			buildConfigurations = (
				E7C5B5861C4D7E0300BEC3F3 /* Debug */,
				E7C5B5871C4D7E0300BEC3F3 /* Release */,
			);
			defaultConfigurationIsVisible = 0;
			defaultConfigurationName = Release;
		};
		E7C5B5881C4D7E0300BEC3F3 /* Build configuration list for PBXNativeTarget "SwiftDown" */ = {
			isa = XCConfigurationList;
			buildConfigurations = (
				E7C5B5891C4D7E0300BEC3F3 /* Debug */,
				E7C5B58A1C4D7E0300BEC3F3 /* Release */,
			);
			defaultConfigurationIsVisible = 0;
			defaultConfigurationName = Release;
		};
		E7C5B58B1C4D7E0300BEC3F3 /* Build configuration list for PBXNativeTarget "SwiftDownTests" */ = {
			isa = XCConfigurationList;
			buildConfigurations = (
				E7C5B58C1C4D7E0300BEC3F3 /* Debug */,
				E7C5B58D1C4D7E0300BEC3F3 /* Release */,
			);
			defaultConfigurationIsVisible = 0;
			defaultConfigurationName = Release;
		};
		E7E97F7E1C585C9200A5692F /* Build configuration list for PBXNativeTarget "Down" */ = {
			isa = XCConfigurationList;
			buildConfigurations = (
				E7E97F7A1C585C9200A5692F /* Debug */,
				E7E97F7B1C585C9200A5692F /* Release */,
			);
			defaultConfigurationIsVisible = 0;
			defaultConfigurationName = Release;
		};
		E7E97F7F1C585C9200A5692F /* Build configuration list for PBXNativeTarget "DownTests" */ = {
			isa = XCConfigurationList;
			buildConfigurations = (
				E7E97F7C1C585C9200A5692F /* Debug */,
				E7E97F7D1C585C9200A5692F /* Release */,
			);
			defaultConfigurationIsVisible = 0;
			defaultConfigurationName = Release;
		};
/* End XCConfigurationList section */
	};
	rootObject = E7C5B56B1C4D7E0300BEC3F3 /* Project object */;
}
